// !$*UTF8*$!
{
	archiveVersion = 1;
	classes = {
	};
	objectVersion = 46;
	objects = {

/* Begin PBXBuildFile section */
		45554AEA18EB5298002FC73B /* Foundation.framework in Frameworks */ = {isa = PBXBuildFile; fileRef = 45554AE918EB5298002FC73B /* Foundation.framework */; };
		45554AEC18EB5298002FC73B /* CoreGraphics.framework in Frameworks */ = {isa = PBXBuildFile; fileRef = 45554AEB18EB5298002FC73B /* CoreGraphics.framework */; };
		45554AEE18EB5298002FC73B /* UIKit.framework in Frameworks */ = {isa = PBXBuildFile; fileRef = 45554AED18EB5298002FC73B /* UIKit.framework */; };
		45554AF018EB5299002FC73B /* SpriteKit.framework in Frameworks */ = {isa = PBXBuildFile; fileRef = 45554AEF18EB5299002FC73B /* SpriteKit.framework */; };
		45554AF618EB5299002FC73B /* InfoPlist.strings in Resources */ = {isa = PBXBuildFile; fileRef = 45554AF418EB5299002FC73B /* InfoPlist.strings */; };
		45554AF818EB5299002FC73B /* main.m in Sources */ = {isa = PBXBuildFile; fileRef = 45554AF718EB5299002FC73B /* main.m */; };
		45554AFC18EB5299002FC73B /* AppDelegate.m in Sources */ = {isa = PBXBuildFile; fileRef = 45554AFB18EB5299002FC73B /* AppDelegate.m */; };
		45554AFF18EB5299002FC73B /* Main.storyboard in Resources */ = {isa = PBXBuildFile; fileRef = 45554AFD18EB5299002FC73B /* Main.storyboard */; };
		45554B0218EB5299002FC73B /* ViewController.m in Sources */ = {isa = PBXBuildFile; fileRef = 45554B0118EB5299002FC73B /* ViewController.m */; };
		45554B0718EB5299002FC73B /* Spaceship.png in Resources */ = {isa = PBXBuildFile; fileRef = 45554B0618EB5299002FC73B /* Spaceship.png */; };
		45554B0918EB5299002FC73B /* Images.xcassets in Resources */ = {isa = PBXBuildFile; fileRef = 45554B0818EB5299002FC73B /* Images.xcassets */; };
		45554B1018EB5299002FC73B /* XCTest.framework in Frameworks */ = {isa = PBXBuildFile; fileRef = 45554B0F18EB5299002FC73B /* XCTest.framework */; };
		45554B1118EB5299002FC73B /* Foundation.framework in Frameworks */ = {isa = PBXBuildFile; fileRef = 45554AE918EB5298002FC73B /* Foundation.framework */; };
		45554B1218EB5299002FC73B /* UIKit.framework in Frameworks */ = {isa = PBXBuildFile; fileRef = 45554AED18EB5298002FC73B /* UIKit.framework */; };
		45554B1A18EB5299002FC73B /* InfoPlist.strings in Resources */ = {isa = PBXBuildFile; fileRef = 45554B1818EB5299002FC73B /* InfoPlist.strings */; };
		45554B1C18EB5299002FC73B /* PickleFistTests.m in Sources */ = {isa = PBXBuildFile; fileRef = 45554B1B18EB5299002FC73B /* PickleFistTests.m */; };
		45675FEF18F77AC9006BDD87 /* Bullet.m in Sources */ = {isa = PBXBuildFile; fileRef = 45675FEE18F77AC9006BDD87 /* Bullet.m */; };
		45675FF318F8FCAC006BDD87 /* static2.png in Resources */ = {isa = PBXBuildFile; fileRef = 45675FF218F8FCAC006BDD87 /* static2.png */; };
		45675FF618F91C88006BDD87 /* Entity.m in Sources */ = {isa = PBXBuildFile; fileRef = 45675FF518F91C88006BDD87 /* Entity.m */; };
		45675FF918F9FF7B006BDD87 /* Enemy.m in Sources */ = {isa = PBXBuildFile; fileRef = 45675FF818F9FF7B006BDD87 /* Enemy.m */; };
		45912DFE18EB9F83008F34B3 /* explode1.wav in Resources */ = {isa = PBXBuildFile; fileRef = 45912DF718EB9F83008F34B3 /* explode1.wav */; };
		45912DFF18EB9F83008F34B3 /* explode2.wav in Resources */ = {isa = PBXBuildFile; fileRef = 45912DF818EB9F83008F34B3 /* explode2.wav */; };
		45912E0018EB9F83008F34B3 /* fire1.wav in Resources */ = {isa = PBXBuildFile; fileRef = 45912DF918EB9F83008F34B3 /* fire1.wav */; };
		45912E0618EBA70F008F34B3 /* Sprite.atlas in Resources */ = {isa = PBXBuildFile; fileRef = 45912E0518EBA70F008F34B3 /* Sprite.atlas */; };
		45912E0E18EBC12D008F34B3 /* bg_iphone_parallax_spacedust.png in Resources */ = {isa = PBXBuildFile; fileRef = 45912E0818EBC12D008F34B3 /* bg_iphone_parallax_spacedust.png */; };
		45912E0F18EBC12D008F34B3 /* bg_iphone_parallax_stars.png in Resources */ = {isa = PBXBuildFile; fileRef = 45912E0918EBC12D008F34B3 /* bg_iphone_parallax_stars.png */; };
		45912E1118EBC12D008F34B3 /* farback.gif in Resources */ = {isa = PBXBuildFile; fileRef = 45912E0B18EBC12D008F34B3 /* farback.gif */; };
		45912E1218EBC12D008F34B3 /* shmup2zc4.png in Resources */ = {isa = PBXBuildFile; fileRef = 45912E0C18EBC12D008F34B3 /* shmup2zc4.png */; };
		45912E1318EBC12D008F34B3 /* starfield.png in Resources */ = {isa = PBXBuildFile; fileRef = 45912E0D18EBC12D008F34B3 /* starfield.png */; };
		45912E1718EBCCEE008F34B3 /* Player.m in Sources */ = {isa = PBXBuildFile; fileRef = 45912E1618EBCCEE008F34B3 /* Player.m */; };
		45A96BE518F0A1E300965419 /* GameScene.m in Sources */ = {isa = PBXBuildFile; fileRef = 45A96BE418F0A1E300965419 /* GameScene.m */; };
		45A96BE818F0A89300965419 /* bg1.png in Resources */ = {isa = PBXBuildFile; fileRef = 45A96BE718F0A89300965419 /* bg1.png */; };
/* End PBXBuildFile section */

/* Begin PBXContainerItemProxy section */
		45554B1318EB5299002FC73B /* PBXContainerItemProxy */ = {
			isa = PBXContainerItemProxy;
			containerPortal = 45554ADE18EB5298002FC73B /* Project object */;
			proxyType = 1;
			remoteGlobalIDString = 45554AE518EB5298002FC73B;
			remoteInfo = PickleFist;
		};
/* End PBXContainerItemProxy section */

/* Begin PBXFileReference section */
		45554AE618EB5298002FC73B /* PickleFist.app */ = {isa = PBXFileReference; explicitFileType = wrapper.application; includeInIndex = 0; path = PickleFist.app; sourceTree = BUILT_PRODUCTS_DIR; };
		45554AE918EB5298002FC73B /* Foundation.framework */ = {isa = PBXFileReference; lastKnownFileType = wrapper.framework; name = Foundation.framework; path = System/Library/Frameworks/Foundation.framework; sourceTree = SDKROOT; };
		45554AEB18EB5298002FC73B /* CoreGraphics.framework */ = {isa = PBXFileReference; lastKnownFileType = wrapper.framework; name = CoreGraphics.framework; path = System/Library/Frameworks/CoreGraphics.framework; sourceTree = SDKROOT; };
		45554AED18EB5298002FC73B /* UIKit.framework */ = {isa = PBXFileReference; lastKnownFileType = wrapper.framework; name = UIKit.framework; path = System/Library/Frameworks/UIKit.framework; sourceTree = SDKROOT; };
		45554AEF18EB5299002FC73B /* SpriteKit.framework */ = {isa = PBXFileReference; lastKnownFileType = wrapper.framework; name = SpriteKit.framework; path = System/Library/Frameworks/SpriteKit.framework; sourceTree = SDKROOT; };
		45554AF318EB5299002FC73B /* PickleFist-Info.plist */ = {isa = PBXFileReference; lastKnownFileType = text.plist.xml; path = "PickleFist-Info.plist"; sourceTree = "<group>"; };
		45554AF518EB5299002FC73B /* en */ = {isa = PBXFileReference; lastKnownFileType = text.plist.strings; name = en; path = en.lproj/InfoPlist.strings; sourceTree = "<group>"; };
		45554AF718EB5299002FC73B /* main.m */ = {isa = PBXFileReference; lastKnownFileType = sourcecode.c.objc; path = main.m; sourceTree = "<group>"; };
		45554AF918EB5299002FC73B /* PickleFist-Prefix.pch */ = {isa = PBXFileReference; lastKnownFileType = sourcecode.c.h; path = "PickleFist-Prefix.pch"; sourceTree = "<group>"; };
		45554AFA18EB5299002FC73B /* AppDelegate.h */ = {isa = PBXFileReference; lastKnownFileType = sourcecode.c.h; path = AppDelegate.h; sourceTree = "<group>"; };
		45554AFB18EB5299002FC73B /* AppDelegate.m */ = {isa = PBXFileReference; lastKnownFileType = sourcecode.c.objc; path = AppDelegate.m; sourceTree = "<group>"; };
		45554AFE18EB5299002FC73B /* Base */ = {isa = PBXFileReference; lastKnownFileType = file.storyboard; name = Base; path = Base.lproj/Main.storyboard; sourceTree = "<group>"; };
		45554B0018EB5299002FC73B /* ViewController.h */ = {isa = PBXFileReference; lastKnownFileType = sourcecode.c.h; path = ViewController.h; sourceTree = "<group>"; };
		45554B0118EB5299002FC73B /* ViewController.m */ = {isa = PBXFileReference; lastKnownFileType = sourcecode.c.objc; path = ViewController.m; sourceTree = "<group>"; };
		45554B0618EB5299002FC73B /* Spaceship.png */ = {isa = PBXFileReference; lastKnownFileType = image.png; path = Spaceship.png; sourceTree = "<group>"; };
		45554B0818EB5299002FC73B /* Images.xcassets */ = {isa = PBXFileReference; lastKnownFileType = folder.assetcatalog; path = Images.xcassets; sourceTree = "<group>"; };
		45554B0E18EB5299002FC73B /* PickleFistTests.xctest */ = {isa = PBXFileReference; explicitFileType = wrapper.cfbundle; includeInIndex = 0; path = PickleFistTests.xctest; sourceTree = BUILT_PRODUCTS_DIR; };
		45554B0F18EB5299002FC73B /* XCTest.framework */ = {isa = PBXFileReference; lastKnownFileType = wrapper.framework; name = XCTest.framework; path = Library/Frameworks/XCTest.framework; sourceTree = DEVELOPER_DIR; };
		45554B1718EB5299002FC73B /* PickleFistTests-Info.plist */ = {isa = PBXFileReference; lastKnownFileType = text.plist.xml; path = "PickleFistTests-Info.plist"; sourceTree = "<group>"; };
		45554B1918EB5299002FC73B /* en */ = {isa = PBXFileReference; lastKnownFileType = text.plist.strings; name = en; path = en.lproj/InfoPlist.strings; sourceTree = "<group>"; };
		45554B1B18EB5299002FC73B /* PickleFistTests.m */ = {isa = PBXFileReference; lastKnownFileType = sourcecode.c.objc; path = PickleFistTests.m; sourceTree = "<group>"; };
		45675FED18F77AC9006BDD87 /* Bullet.h */ = {isa = PBXFileReference; fileEncoding = 4; lastKnownFileType = sourcecode.c.h; name = Bullet.h; path = Entities/Bullet.h; sourceTree = "<group>"; };
		45675FEE18F77AC9006BDD87 /* Bullet.m */ = {isa = PBXFileReference; fileEncoding = 4; lastKnownFileType = sourcecode.c.objc; name = Bullet.m; path = Entities/Bullet.m; sourceTree = "<group>"; };
		45675FF218F8FCAC006BDD87 /* static2.png */ = {isa = PBXFileReference; lastKnownFileType = image.png; path = static2.png; sourceTree = "<group>"; };
		45675FF418F91C88006BDD87 /* Entity.h */ = {isa = PBXFileReference; fileEncoding = 4; lastKnownFileType = sourcecode.c.h; name = Entity.h; path = Entities/Entity.h; sourceTree = "<group>"; };
		45675FF518F91C88006BDD87 /* Entity.m */ = {isa = PBXFileReference; fileEncoding = 4; lastKnownFileType = sourcecode.c.objc; name = Entity.m; path = Entities/Entity.m; sourceTree = "<group>"; };
		45675FF718F9FF7B006BDD87 /* Enemy.h */ = {isa = PBXFileReference; fileEncoding = 4; lastKnownFileType = sourcecode.c.h; name = Enemy.h; path = Entities/Enemy.h; sourceTree = "<group>"; };
		45675FF818F9FF7B006BDD87 /* Enemy.m */ = {isa = PBXFileReference; fileEncoding = 4; lastKnownFileType = sourcecode.c.objc; name = Enemy.m; path = Entities/Enemy.m; sourceTree = "<group>"; };
		45912DF718EB9F83008F34B3 /* explode1.wav */ = {isa = PBXFileReference; lastKnownFileType = audio.wav; path = explode1.wav; sourceTree = "<group>"; };
		45912DF818EB9F83008F34B3 /* explode2.wav */ = {isa = PBXFileReference; lastKnownFileType = audio.wav; path = explode2.wav; sourceTree = "<group>"; };
		45912DF918EB9F83008F34B3 /* fire1.wav */ = {isa = PBXFileReference; lastKnownFileType = audio.wav; path = fire1.wav; sourceTree = "<group>"; };
		45912E0518EBA70F008F34B3 /* Sprite.atlas */ = {isa = PBXFileReference; lastKnownFileType = folder.skatlas; name = Sprite.atlas; path = Resources/Sprite.atlas; sourceTree = "<group>"; };
		45912E0818EBC12D008F34B3 /* bg_iphone_parallax_spacedust.png */ = {isa = PBXFileReference; lastKnownFileType = image.png; path = bg_iphone_parallax_spacedust.png; sourceTree = "<group>"; };
		45912E0918EBC12D008F34B3 /* bg_iphone_parallax_stars.png */ = {isa = PBXFileReference; lastKnownFileType = image.png; path = bg_iphone_parallax_stars.png; sourceTree = "<group>"; };
		45912E0B18EBC12D008F34B3 /* farback.gif */ = {isa = PBXFileReference; lastKnownFileType = image.gif; path = farback.gif; sourceTree = "<group>"; };
		45912E0C18EBC12D008F34B3 /* shmup2zc4.png */ = {isa = PBXFileReference; lastKnownFileType = image.png; path = shmup2zc4.png; sourceTree = "<group>"; };
		45912E0D18EBC12D008F34B3 /* starfield.png */ = {isa = PBXFileReference; lastKnownFileType = image.png; path = starfield.png; sourceTree = "<group>"; };
		45912E1518EBCCEE008F34B3 /* Player.h */ = {isa = PBXFileReference; fileEncoding = 4; lastKnownFileType = sourcecode.c.h; name = Player.h; path = Entities/Player.h; sourceTree = "<group>"; };
		45912E1618EBCCEE008F34B3 /* Player.m */ = {isa = PBXFileReference; fileEncoding = 4; lastKnownFileType = sourcecode.c.objc; name = Player.m; path = Entities/Player.m; sourceTree = "<group>"; };
		45A96BE318F0A1E300965419 /* GameScene.h */ = {isa = PBXFileReference; fileEncoding = 4; lastKnownFileType = sourcecode.c.h; path = GameScene.h; sourceTree = "<group>"; };
		45A96BE418F0A1E300965419 /* GameScene.m */ = {isa = PBXFileReference; fileEncoding = 4; lastKnownFileType = sourcecode.c.objc; path = GameScene.m; sourceTree = "<group>"; };
		45A96BE618F0A38A00965419 /* Constants.h */ = {isa = PBXFileReference; fileEncoding = 4; lastKnownFileType = sourcecode.c.h; path = Constants.h; sourceTree = "<group>"; };
		45A96BE718F0A89300965419 /* bg1.png */ = {isa = PBXFileReference; lastKnownFileType = image.png; path = bg1.png; sourceTree = "<group>"; };
/* End PBXFileReference section */

/* Begin PBXFrameworksBuildPhase section */
		45554AE318EB5298002FC73B /* Frameworks */ = {
			isa = PBXFrameworksBuildPhase;
			buildActionMask = 2147483647;
			files = (
				45554AEC18EB5298002FC73B /* CoreGraphics.framework in Frameworks */,
				45554AEE18EB5298002FC73B /* UIKit.framework in Frameworks */,
				45554AF018EB5299002FC73B /* SpriteKit.framework in Frameworks */,
				45554AEA18EB5298002FC73B /* Foundation.framework in Frameworks */,
			);
			runOnlyForDeploymentPostprocessing = 0;
		};
		45554B0B18EB5299002FC73B /* Frameworks */ = {
			isa = PBXFrameworksBuildPhase;
			buildActionMask = 2147483647;
			files = (
				45554B1018EB5299002FC73B /* XCTest.framework in Frameworks */,
				45554B1218EB5299002FC73B /* UIKit.framework in Frameworks */,
				45554B1118EB5299002FC73B /* Foundation.framework in Frameworks */,
			);
			runOnlyForDeploymentPostprocessing = 0;
		};
/* End PBXFrameworksBuildPhase section */

/* Begin PBXGroup section */
		45554ADD18EB5298002FC73B = {
			isa = PBXGroup;
			children = (
				45554AF118EB5299002FC73B /* PickleFist */,
				45554B1518EB5299002FC73B /* PickleFistTests */,
				45554AE818EB5298002FC73B /* Frameworks */,
				45554AE718EB5298002FC73B /* Products */,
			);
			sourceTree = "<group>";
		};
		45554AE718EB5298002FC73B /* Products */ = {
			isa = PBXGroup;
			children = (
				45554AE618EB5298002FC73B /* PickleFist.app */,
				45554B0E18EB5299002FC73B /* PickleFistTests.xctest */,
			);
			name = Products;
			sourceTree = "<group>";
		};
		45554AE818EB5298002FC73B /* Frameworks */ = {
			isa = PBXGroup;
			children = (
				45554AE918EB5298002FC73B /* Foundation.framework */,
				45554AEB18EB5298002FC73B /* CoreGraphics.framework */,
				45554AED18EB5298002FC73B /* UIKit.framework */,
				45554AEF18EB5299002FC73B /* SpriteKit.framework */,
				45554B0F18EB5299002FC73B /* XCTest.framework */,
			);
			name = Frameworks;
			sourceTree = "<group>";
		};
		45554AF118EB5299002FC73B /* PickleFist */ = {
			isa = PBXGroup;
			children = (
				45912E1418EBC5FC008F34B3 /* Entities */,
				45912DEE18EB8E8B008F34B3 /* Resources */,
				45A96BE618F0A38A00965419 /* Constants.h */,
				45554AFA18EB5299002FC73B /* AppDelegate.h */,
				45554AFB18EB5299002FC73B /* AppDelegate.m */,
				45554AFD18EB5299002FC73B /* Main.storyboard */,
				45554B0018EB5299002FC73B /* ViewController.h */,
				45554B0118EB5299002FC73B /* ViewController.m */,
				45554B0618EB5299002FC73B /* Spaceship.png */,
				45A96BE318F0A1E300965419 /* GameScene.h */,
				45A96BE418F0A1E300965419 /* GameScene.m */,
				45554B0818EB5299002FC73B /* Images.xcassets */,
				45912E0518EBA70F008F34B3 /* Sprite.atlas */,
				45554AF218EB5299002FC73B /* Supporting Files */,
			);
			path = PickleFist;
			sourceTree = "<group>";
		};
		45554AF218EB5299002FC73B /* Supporting Files */ = {
			isa = PBXGroup;
			children = (
				45554AF318EB5299002FC73B /* PickleFist-Info.plist */,
				45554AF418EB5299002FC73B /* InfoPlist.strings */,
				45554AF718EB5299002FC73B /* main.m */,
				45554AF918EB5299002FC73B /* PickleFist-Prefix.pch */,
			);
			name = "Supporting Files";
			sourceTree = "<group>";
		};
		45554B1518EB5299002FC73B /* PickleFistTests */ = {
			isa = PBXGroup;
			children = (
				45554B1B18EB5299002FC73B /* PickleFistTests.m */,
				45554B1618EB5299002FC73B /* Supporting Files */,
			);
			path = PickleFistTests;
			sourceTree = "<group>";
		};
		45554B1618EB5299002FC73B /* Supporting Files */ = {
			isa = PBXGroup;
			children = (
				45554B1718EB5299002FC73B /* PickleFistTests-Info.plist */,
				45554B1818EB5299002FC73B /* InfoPlist.strings */,
			);
			name = "Supporting Files";
			sourceTree = "<group>";
		};
		45912DEE18EB8E8B008F34B3 /* Resources */ = {
			isa = PBXGroup;
			children = (
				45912E0718EBC12D008F34B3 /* Backgrounds */,
				45912DF518EB9F83008F34B3 /* Music */,
				45912DF618EB9F83008F34B3 /* Sounds */,
			);
			path = Resources;
			sourceTree = "<group>";
		};
		45912DF518EB9F83008F34B3 /* Music */ = {
			isa = PBXGroup;
			children = (
			);
			path = Music;
			sourceTree = "<group>";
		};
		45912DF618EB9F83008F34B3 /* Sounds */ = {
			isa = PBXGroup;
			children = (
				45912DF718EB9F83008F34B3 /* explode1.wav */,
				45912DF818EB9F83008F34B3 /* explode2.wav */,
				45912DF918EB9F83008F34B3 /* fire1.wav */,
			);
			path = Sounds;
			sourceTree = "<group>";
		};
		45912E0718EBC12D008F34B3 /* Backgrounds */ = {
			isa = PBXGroup;
			children = (
				45675FF218F8FCAC006BDD87 /* static2.png */,
				45912E0818EBC12D008F34B3 /* bg_iphone_parallax_spacedust.png */,
				45A96BE718F0A89300965419 /* bg1.png */,
				45912E0918EBC12D008F34B3 /* bg_iphone_parallax_stars.png */,
				45912E0B18EBC12D008F34B3 /* farback.gif */,
				45912E0C18EBC12D008F34B3 /* shmup2zc4.png */,
				45912E0D18EBC12D008F34B3 /* starfield.png */,
			);
			path = Backgrounds;
			sourceTree = "<group>";
		};
		45912E1418EBC5FC008F34B3 /* Entities */ = {
			isa = PBXGroup;
			children = (
				45675FF418F91C88006BDD87 /* Entity.h */,
				45675FF518F91C88006BDD87 /* Entity.m */,
				45912E1518EBCCEE008F34B3 /* Player.h */,
				45912E1618EBCCEE008F34B3 /* Player.m */,
				45675FF718F9FF7B006BDD87 /* Enemy.h */,
				45675FF818F9FF7B006BDD87 /* Enemy.m */,
				45675FED18F77AC9006BDD87 /* Bullet.h */,
				45675FEE18F77AC9006BDD87 /* Bullet.m */,
			);
			name = Entities;
			sourceTree = "<group>";
		};
/* End PBXGroup section */

/* Begin PBXNativeTarget section */
		45554AE518EB5298002FC73B /* PickleFist */ = {
			isa = PBXNativeTarget;
			buildConfigurationList = 45554B1F18EB5299002FC73B /* Build configuration list for PBXNativeTarget "PickleFist" */;
			buildPhases = (
				45554AE218EB5298002FC73B /* Sources */,
				45554AE318EB5298002FC73B /* Frameworks */,
				45554AE418EB5298002FC73B /* Resources */,
			);
			buildRules = (
			);
			dependencies = (
			);
			name = PickleFist;
			productName = PickleFist;
			productReference = 45554AE618EB5298002FC73B /* PickleFist.app */;
			productType = "com.apple.product-type.application";
		};
		45554B0D18EB5299002FC73B /* PickleFistTests */ = {
			isa = PBXNativeTarget;
			buildConfigurationList = 45554B2218EB5299002FC73B /* Build configuration list for PBXNativeTarget "PickleFistTests" */;
			buildPhases = (
				45554B0A18EB5299002FC73B /* Sources */,
				45554B0B18EB5299002FC73B /* Frameworks */,
				45554B0C18EB5299002FC73B /* Resources */,
			);
			buildRules = (
			);
			dependencies = (
				45554B1418EB5299002FC73B /* PBXTargetDependency */,
			);
			name = PickleFistTests;
			productName = PickleFistTests;
			productReference = 45554B0E18EB5299002FC73B /* PickleFistTests.xctest */;
			productType = "com.apple.product-type.bundle.unit-test";
		};
/* End PBXNativeTarget section */

/* Begin PBXProject section */
		45554ADE18EB5298002FC73B /* Project object */ = {
			isa = PBXProject;
			attributes = {
				LastUpgradeCheck = 0510;
				ORGANIZATIONNAME = "Ryan Doughty";
				TargetAttributes = {
					45554AE518EB5298002FC73B = {
						DevelopmentTeam = L3J4V64GS4;
					};
					45554B0D18EB5299002FC73B = {
						TestTargetID = 45554AE518EB5298002FC73B;
					};
				};
			};
			buildConfigurationList = 45554AE118EB5298002FC73B /* Build configuration list for PBXProject "PickleFist" */;
			compatibilityVersion = "Xcode 3.2";
			developmentRegion = English;
			hasScannedForEncodings = 0;
			knownRegions = (
				en,
				Base,
			);
			mainGroup = 45554ADD18EB5298002FC73B;
			productRefGroup = 45554AE718EB5298002FC73B /* Products */;
			projectDirPath = "";
			projectRoot = "";
			targets = (
				45554AE518EB5298002FC73B /* PickleFist */,
				45554B0D18EB5299002FC73B /* PickleFistTests */,
			);
		};
/* End PBXProject section */

/* Begin PBXResourcesBuildPhase section */
		45554AE418EB5298002FC73B /* Resources */ = {
			isa = PBXResourcesBuildPhase;
			buildActionMask = 2147483647;
			files = (
				45912E1318EBC12D008F34B3 /* starfield.png in Resources */,
				45554AF618EB5299002FC73B /* InfoPlist.strings in Resources */,
				45554B0918EB5299002FC73B /* Images.xcassets in Resources */,
				45554B0718EB5299002FC73B /* Spaceship.png in Resources */,
				45912DFE18EB9F83008F34B3 /* explode1.wav in Resources */,
				45912E0018EB9F83008F34B3 /* fire1.wav in Resources */,
				45912E1118EBC12D008F34B3 /* farback.gif in Resources */,
				45912DFF18EB9F83008F34B3 /* explode2.wav in Resources */,
				45675FF318F8FCAC006BDD87 /* static2.png in Resources */,
				45554AFF18EB5299002FC73B /* Main.storyboard in Resources */,
				45A96BE818F0A89300965419 /* bg1.png in Resources */,
				45912E0618EBA70F008F34B3 /* Sprite.atlas in Resources */,
				45912E0F18EBC12D008F34B3 /* bg_iphone_parallax_stars.png in Resources */,
				45912E1218EBC12D008F34B3 /* shmup2zc4.png in Resources */,
				45912E0E18EBC12D008F34B3 /* bg_iphone_parallax_spacedust.png in Resources */,
			);
			runOnlyForDeploymentPostprocessing = 0;
		};
		45554B0C18EB5299002FC73B /* Resources */ = {
			isa = PBXResourcesBuildPhase;
			buildActionMask = 2147483647;
			files = (
				45554B1A18EB5299002FC73B /* InfoPlist.strings in Resources */,
			);
			runOnlyForDeploymentPostprocessing = 0;
		};
/* End PBXResourcesBuildPhase section */

/* Begin PBXSourcesBuildPhase section */
		45554AE218EB5298002FC73B /* Sources */ = {
			isa = PBXSourcesBuildPhase;
			buildActionMask = 2147483647;
			files = (
				45675FF918F9FF7B006BDD87 /* Enemy.m in Sources */,
				45675FF618F91C88006BDD87 /* Entity.m in Sources */,
				45554B0218EB5299002FC73B /* ViewController.m in Sources */,
				45A96BE518F0A1E300965419 /* GameScene.m in Sources */,
				45912E1718EBCCEE008F34B3 /* Player.m in Sources */,
				45554AFC18EB5299002FC73B /* AppDelegate.m in Sources */,
				45554AF818EB5299002FC73B /* main.m in Sources */,
				45675FEF18F77AC9006BDD87 /* Bullet.m in Sources */,
			);
			runOnlyForDeploymentPostprocessing = 0;
		};
		45554B0A18EB5299002FC73B /* Sources */ = {
			isa = PBXSourcesBuildPhase;
			buildActionMask = 2147483647;
			files = (
				45554B1C18EB5299002FC73B /* PickleFistTests.m in Sources */,
			);
			runOnlyForDeploymentPostprocessing = 0;
		};
/* End PBXSourcesBuildPhase section */

/* Begin PBXTargetDependency section */
		45554B1418EB5299002FC73B /* PBXTargetDependency */ = {
			isa = PBXTargetDependency;
			target = 45554AE518EB5298002FC73B /* PickleFist */;
			targetProxy = 45554B1318EB5299002FC73B /* PBXContainerItemProxy */;
		};
/* End PBXTargetDependency section */

/* Begin PBXVariantGroup section */
		45554AF418EB5299002FC73B /* InfoPlist.strings */ = {
			isa = PBXVariantGroup;
			children = (
				45554AF518EB5299002FC73B /* en */,
			);
			name = InfoPlist.strings;
			sourceTree = "<group>";
		};
		45554AFD18EB5299002FC73B /* Main.storyboard */ = {
			isa = PBXVariantGroup;
			children = (
				45554AFE18EB5299002FC73B /* Base */,
			);
			name = Main.storyboard;
			sourceTree = "<group>";
		};
		45554B1818EB5299002FC73B /* InfoPlist.strings */ = {
			isa = PBXVariantGroup;
			children = (
				45554B1918EB5299002FC73B /* en */,
			);
			name = InfoPlist.strings;
			sourceTree = "<group>";
		};
/* End PBXVariantGroup section */

/* Begin XCBuildConfiguration section */
		45554B1D18EB5299002FC73B /* Debug */ = {
			isa = XCBuildConfiguration;
			buildSettings = {
				ALWAYS_SEARCH_USER_PATHS = NO;
				CLANG_CXX_LANGUAGE_STANDARD = "gnu++0x";
				CLANG_CXX_LIBRARY = "libc++";
				CLANG_ENABLE_MODULES = YES;
				CLANG_ENABLE_OBJC_ARC = YES;
				CLANG_WARN_BOOL_CONVERSION = YES;
				CLANG_WARN_CONSTANT_CONVERSION = YES;
				CLANG_WARN_DIRECT_OBJC_ISA_USAGE = YES_ERROR;
				CLANG_WARN_EMPTY_BODY = YES;
				CLANG_WARN_ENUM_CONVERSION = YES;
				CLANG_WARN_INT_CONVERSION = YES;
				CLANG_WARN_OBJC_ROOT_CLASS = YES_ERROR;
				CLANG_WARN__DUPLICATE_METHOD_MATCH = YES;
				"CODE_SIGN_IDENTITY[sdk=iphoneos*]" = "iPhone Developer";
				COPY_PHASE_STRIP = NO;
				GCC_C_LANGUAGE_STANDARD = gnu99;
				GCC_DYNAMIC_NO_PIC = NO;
				GCC_OPTIMIZATION_LEVEL = 0;
				GCC_PREPROCESSOR_DEFINITIONS = (
					"DEBUG=1",
					"$(inherited)",
				);
				GCC_SYMBOLS_PRIVATE_EXTERN = NO;
				GCC_WARN_64_TO_32_BIT_CONVERSION = YES;
				GCC_WARN_ABOUT_RETURN_TYPE = YES_ERROR;
				GCC_WARN_UNDECLARED_SELECTOR = YES;
				GCC_WARN_UNINITIALIZED_AUTOS = YES_AGGRESSIVE;
				GCC_WARN_UNUSED_FUNCTION = YES;
				GCC_WARN_UNUSED_VARIABLE = YES;
				IPHONEOS_DEPLOYMENT_TARGET = 7.1;
				ONLY_ACTIVE_ARCH = YES;
				SDKROOT = iphoneos;
			};
			name = Debug;
		};
		45554B1E18EB5299002FC73B /* Release */ = {
			isa = XCBuildConfiguration;
			buildSettings = {
				ALWAYS_SEARCH_USER_PATHS = NO;
				CLANG_CXX_LANGUAGE_STANDARD = "gnu++0x";
				CLANG_CXX_LIBRARY = "libc++";
				CLANG_ENABLE_MODULES = YES;
				CLANG_ENABLE_OBJC_ARC = YES;
				CLANG_WARN_BOOL_CONVERSION = YES;
				CLANG_WARN_CONSTANT_CONVERSION = YES;
				CLANG_WARN_DIRECT_OBJC_ISA_USAGE = YES_ERROR;
				CLANG_WARN_EMPTY_BODY = YES;
				CLANG_WARN_ENUM_CONVERSION = YES;
				CLANG_WARN_INT_CONVERSION = YES;
				CLANG_WARN_OBJC_ROOT_CLASS = YES_ERROR;
				CLANG_WARN__DUPLICATE_METHOD_MATCH = YES;
				"CODE_SIGN_IDENTITY[sdk=iphoneos*]" = "iPhone Developer";
				COPY_PHASE_STRIP = YES;
				ENABLE_NS_ASSERTIONS = NO;
				GCC_C_LANGUAGE_STANDARD = gnu99;
				GCC_WARN_64_TO_32_BIT_CONVERSION = YES;
				GCC_WARN_ABOUT_RETURN_TYPE = YES_ERROR;
				GCC_WARN_UNDECLARED_SELECTOR = YES;
				GCC_WARN_UNINITIALIZED_AUTOS = YES_AGGRESSIVE;
				GCC_WARN_UNUSED_FUNCTION = YES;
				GCC_WARN_UNUSED_VARIABLE = YES;
				IPHONEOS_DEPLOYMENT_TARGET = 7.1;
				SDKROOT = iphoneos;
				VALIDATE_PRODUCT = YES;
			};
			name = Release;
		};
		45554B2018EB5299002FC73B /* Debug */ = {
			isa = XCBuildConfiguration;
			buildSettings = {
				ASSETCATALOG_COMPILER_APPICON_NAME = AppIcon;
				ASSETCATALOG_COMPILER_LAUNCHIMAGE_NAME = LaunchImage;
				CODE_SIGN_IDENTITY = "iPhone Developer";
				"CODE_SIGN_IDENTITY[sdk=iphoneos*]" = "iPhone Developer";
				GCC_PRECOMPILE_PREFIX_HEADER = YES;
				GCC_PREFIX_HEADER = "PickleFist/PickleFist-Prefix.pch";
				INFOPLIST_FILE = "PickleFist/PickleFist-Info.plist";
				PRODUCT_NAME = "$(TARGET_NAME)";
				PROVISIONING_PROFILE = "";
				SPRITEKIT_TEXTURE_ATLAS_OUTPUT = YES;
				TARGETED_DEVICE_FAMILY = 1;
				WRAPPER_EXTENSION = app;
			};
			name = Debug;
		};
		45554B2118EB5299002FC73B /* Release */ = {
			isa = XCBuildConfiguration;
			buildSettings = {
				ASSETCATALOG_COMPILER_APPICON_NAME = AppIcon;
				ASSETCATALOG_COMPILER_LAUNCHIMAGE_NAME = LaunchImage;
				CODE_SIGN_IDENTITY = "iPhone Developer";
				"CODE_SIGN_IDENTITY[sdk=iphoneos*]" = "iPhone Developer";
				GCC_PRECOMPILE_PREFIX_HEADER = YES;
				GCC_PREFIX_HEADER = "PickleFist/PickleFist-Prefix.pch";
				INFOPLIST_FILE = "PickleFist/PickleFist-Info.plist";
				PRODUCT_NAME = "$(TARGET_NAME)";
				PROVISIONING_PROFILE = "";
				SPRITEKIT_TEXTURE_ATLAS_OUTPUT = YES;
				TARGETED_DEVICE_FAMILY = 1;
				WRAPPER_EXTENSION = app;
			};
			name = Release;
		};
		45554B2318EB5299002FC73B /* Debug */ = {
			isa = XCBuildConfiguration;
			buildSettings = {
				BUNDLE_LOADER = "$(BUILT_PRODUCTS_DIR)/PickleFist.app/PickleFist";
				FRAMEWORK_SEARCH_PATHS = (
					"$(SDKROOT)/Developer/Library/Frameworks",
					"$(inherited)",
					"$(DEVELOPER_FRAMEWORKS_DIR)",
				);
				GCC_PRECOMPILE_PREFIX_HEADER = YES;
				GCC_PREFIX_HEADER = "PickleFist/PickleFist-Prefix.pch";
				GCC_PREPROCESSOR_DEFINITIONS = (
					"DEBUG=1",
					"$(inherited)",
				);
				INFOPLIST_FILE = "PickleFistTests/PickleFistTests-Info.plist";
				PRODUCT_NAME = "$(TARGET_NAME)";
				TEST_HOST = "$(BUNDLE_LOADER)";
				WRAPPER_EXTENSION = xctest;
			};
			name = Debug;
		};
		45554B2418EB5299002FC73B /* Release */ = {
			isa = XCBuildConfiguration;
			buildSettings = {
				BUNDLE_LOADER = "$(BUILT_PRODUCTS_DIR)/PickleFist.app/PickleFist";
				FRAMEWORK_SEARCH_PATHS = (
					"$(SDKROOT)/Developer/Library/Frameworks",
					"$(inherited)",
					"$(DEVELOPER_FRAMEWORKS_DIR)",
				);
				GCC_PRECOMPILE_PREFIX_HEADER = YES;
				GCC_PREFIX_HEADER = "PickleFist/PickleFist-Prefix.pch";
				INFOPLIST_FILE = "PickleFistTests/PickleFistTests-Info.plist";
				PRODUCT_NAME = "$(TARGET_NAME)";
				TEST_HOST = "$(BUNDLE_LOADER)";
				WRAPPER_EXTENSION = xctest;
			};
			name = Release;
		};
/* End XCBuildConfiguration section */

/* Begin XCConfigurationList section */
		45554AE118EB5298002FC73B /* Build configuration list for PBXProject "PickleFist" */ = {
			isa = XCConfigurationList;
			buildConfigurations = (
				45554B1D18EB5299002FC73B /* Debug */,
				45554B1E18EB5299002FC73B /* Release */,
			);
			defaultConfigurationIsVisible = 0;
			defaultConfigurationName = Release;
		};
		45554B1F18EB5299002FC73B /* Build configuration list for PBXNativeTarget "PickleFist" */ = {
			isa = XCConfigurationList;
			buildConfigurations = (
				45554B2018EB5299002FC73B /* Debug */,
				45554B2118EB5299002FC73B /* Release */,
			);
			defaultConfigurationIsVisible = 0;
			defaultConfigurationName = Release;
		};
		45554B2218EB5299002FC73B /* Build configuration list for PBXNativeTarget "PickleFistTests" */ = {
			isa = XCConfigurationList;
			buildConfigurations = (
				45554B2318EB5299002FC73B /* Debug */,
				45554B2418EB5299002FC73B /* Release */,
			);
			defaultConfigurationIsVisible = 0;
			defaultConfigurationName = Release;
		};
/* End XCConfigurationList section */
	};
	rootObject = 45554ADE18EB5298002FC73B /* Project object */;
}
